<?xml version="1.0" encoding="utf-8"?>
<Project ToolsVersion="4.0" xmlns:atg="http://atg.xbox.com" xmlns="http://schemas.microsoft.com/developer/msbuild/2003">
  <ItemGroup>
    <Filter Include="Assets">
      <UniqueIdentifier>{ed0b04a6-fecd-4a2c-a462-59a8f4639f36}</UniqueIdentifier>
    </Filter>
    <Filter Include="Resource Files">
      <UniqueIdentifier>{8e114980-c1a3-4ada-ad7c-83caadf5daeb}</UniqueIdentifier>
      <Extensions>rc;ico;cur;bmp;dlg;rc2;rct;bin;rgs;gif;jpg;jpeg;jpe</Extensions>
    </Filter>
    <Filter Include="Assets\modelData">
      <UniqueIdentifier>{06086914-6aa4-4cad-9b07-6f9d357f04df}</UniqueIdentifier>
    </Filter>
    <Filter Include="Assets\sprite">
      <UniqueIdentifier>{a6ce300a-b532-440d-b914-b4661d3015ad}</UniqueIdentifier>
    </Filter>
    <Filter Include="Assets\effect">
      <UniqueIdentifier>{f0cd6d1b-ccd1-4f55-b54e-d3c12ede3507}</UniqueIdentifier>
    </Filter>
    <Filter Include="Assets\sound">
      <UniqueIdentifier>{a19714d9-460c-44d5-aa8f-27e15bb208ff}</UniqueIdentifier>
    </Filter>
    <Filter Include="Assets\animData">
      <UniqueIdentifier>{efb019e5-f19c-4f2a-87c9-8ccc694e6b81}</UniqueIdentifier>
    </Filter>
    <Filter Include="Assets\level">
      <UniqueIdentifier>{14b29549-728a-400e-aad6-9e5b115a7813}</UniqueIdentifier>
    </Filter>
  </ItemGroup>
  <ItemGroup>
    <ClCompile Include="main.cpp" />
    <ClCompile Include="stdafx.cpp" />
    <ClCompile Include="Game.cpp" />
    <ClCompile Include="Title.cpp" />
    <ClCompile Include="GameCamera.cpp" />
    <ClCompile Include="Player.cpp" />
    <ClCompile Include="GarbageBox.cpp" />
    <ClCompile Include="GarbagePaper.cpp" />
    <ClCompile Include="GabageBotol.cpp" />
    <ClCompile Include="Score.cpp" />
    <ClCompile Include="GetGarbageCount.cpp" />
    <ClCompile Include="Stage.cpp" />
    <ClCompile Include="Result.cpp" />
    <ClCompile Include="Timer.cpp" />
    <ClCompile Include="GabageGenerator.cpp" />
    <ClCompile Include="FontMove.cpp" />
    <ClCompile Include="Title1.cpp" />
  </ItemGroup>
  <ItemGroup>
    <CLInclude Include="resource.h">
      <Filter>Resource Files</Filter>
    </CLInclude>
    <ClInclude Include="stdafx.h" />
    <ClInclude Include="Game.h" />
    <ClInclude Include="Title.h" />
    <ClInclude Include="GarbageBox.h" />
    <ClInclude Include="GarbagePaper.h" />
    <ClInclude Include="GabageBotol.h" />
    <ClInclude Include="GameCamera.h" />
    <ClInclude Include="Player.h" />
    <ClInclude Include="Score.h" />
    <ClInclude Include="GetGarbageCount.h" />
    <ClInclude Include="Stage.h" />
    <ClInclude Include="Timer.h" />
    <ClInclude Include="GabageGenerator.h" />
    <ClInclude Include="Result.h" />
    <ClInclude Include="FontMove.h" />
    <ClInclude Include="Title1.h" />
  </ItemGroup>
  <ItemGroup>
    <ResourceCompile Include="Game.rc">
      <Filter>Resource Files</Filter>
    </ResourceCompile>
  </ItemGroup>
  <ItemGroup>
    <MeshContentTask Include="Assets\modelData\unityChan.fbx">
      <Filter>Assets\modelData</Filter>
    </MeshContentTask>
    <MeshContentTask Include="Assets\modelData\GarbageBox.FBX">
      <Filter>Assets\modelData</Filter>
    </MeshContentTask>
    <MeshContentTask Include="Assets\modelData\Paper.FBX">
      <Filter>Assets\modelData</Filter>
    </MeshContentTask>
    <MeshContentTask Include="Assets\modelData\PetBotol.FBX">
      <Filter>Assets\modelData</Filter>
    </MeshContentTask>
    <MeshContentTask Include="Assets\modelData\KBCjam Player.fbx">
      <Filter>Assets\modelData</Filter>
    </MeshContentTask>
    <MeshContentTask Include="Assets\modelData\testbox.fbx">
      <Filter>Assets\modelData</Filter>
    </MeshContentTask>
    <MeshContentTask Include="Assets\modelData\stage.fbx">
      <Filter>Assets\modelData</Filter>
    </MeshContentTask>
    <MeshContentTask Include="Assets\modelData\yuka.fbx">
      <Filter>Assets\modelData</Filter>
    </MeshContentTask>
    <MeshContentTask Include="Assets\modelData\da.fbx">
      <Filter>Assets\modelData</Filter>
    </MeshContentTask>
    <MeshContentTask Include="Assets\modelData\KBCjam Stage.FBX">
      <Filter>Assets\modelData</Filter>
    </MeshContentTask>
  </ItemGroup>
  <ItemGroup>
    <ImageContentTask Include="Assets\sprite\dummy.png">
      <Filter>Assets\sprite</Filter>
    </ImageContentTask>
    <ImageContentTask Include="Assets\sprite\Title1.png">
      <Filter>Assets\sprite</Filter>
    </ImageContentTask>
    <ImageContentTask Include="Assets\sprite\GameStart.png">
      <Filter>Assets\sprite</Filter>
    </ImageContentTask>
    <ImageContentTask Include="Assets\sprite\plse.png">
      <Filter>Assets\sprite</Filter>
    </ImageContentTask>
    <ImageContentTask Include="Assets\sprite\result01.png">
      <Filter>Assets\sprite</Filter>
    </ImageContentTask>
    <ImageContentTask Include="Assets\sprite\gomi.png">
      <Filter>Assets\sprite</Filter>
    </ImageContentTask>
    <ImageContentTask Include="Assets\sprite\gomibako.png">
      <Filter>Assets\sprite</Filter>
    </ImageContentTask>
    <ImageContentTask Include="Assets\sprite\timeUp.png">
      <Filter>Assets\sprite</Filter>
    </ImageContentTask>
  </ItemGroup>
  <ItemGroup>
    <CustomBuild Include="Assets\effect\fa.efk">
      <Filter>Assets\effect</Filter>
    </CustomBuild>
    <CustomBuild Include="Assets\animData\KBCjamPlayer\Player_Idle.tka">
      <Filter>Assets\animData</Filter>
    </CustomBuild>
    <CustomBuild Include="Assets\animData\KBCjamPlayer\Player_Run.tka">
      <Filter>Assets\animData</Filter>
    </CustomBuild>
    <CustomBuild Include="Assets\animData\KBCjamPlayer\Player_Gomihiroi.tka">
      <Filter>Assets\animData</Filter>
    </CustomBuild>
  </ItemGroup>
  <ItemGroup>
    <Media Include="Assets\sound\GAMESTARTsound.wav">
      <Filter>Assets\sound</Filter>
    </Media>
    <Media Include="Assets\sound\GameBGM.wav">
      <Filter>Assets\sound</Filter>
    </Media>
    <Media Include="Assets\sound\GetGarbageBox.wav">
      <Filter>Assets\sound</Filter>
    </Media>
    <Media Include="Assets\sound\GetGarbage.wav">
      <Filter>Assets\sound</Filter>
    </Media>
    <Media Include="Assets\sound\game_maoudamashii_4_field11.wav">
      <Filter>Assets\sound</Filter>
    </Media>
    <Media Include="Assets\sound\Titlesounds.wav">
      <Filter>Assets\sound</Filter>
    </Media>
    <Media Include="Assets\sound\GameClear.wav">
      <Filter>Assets\sound</Filter>
    </Media>
    <Media Include="Assets\sound\timeup.wav">
      <Filter>Assets\sound</Filter>
    </Media>
  </ItemGroup>
  <ItemGroup>
    <None Include="Assets\level\KBCjam_StageLevel.tkl">
      <Filter>Assets\level</Filter>
    </None>
    <None Include="Assets\effect\fubuki.efk">
      <Filter>Assets\effect</Filter>
    </None>
    <None Include="Assets\effect\fucukikai.efk">
      <Filter>Assets\effect</Filter>
    </None>
  </ItemGroup>
</Project>